PODS:
  - Alamofire (4.7.3)
  - AlamofireImage (3.4.1):
    - Alamofire (~> 4.7)
  - AlamofireNetworkActivityIndicator (2.3.0):
    - Alamofire (~> 4.7)
  - AlamofireObjectMapper (5.0.0):
    - Alamofire (~> 4.1)
    - ObjectMapper (~> 3.0)
  - ObjectMapper (3.3.0)
  - SwiftGen (4.2.1)

DEPENDENCIES:
  - Alamofire (~> 4.0)
  - AlamofireImage (~> 3.0)
  - AlamofireNetworkActivityIndicator (~> 2.0)
  - AlamofireObjectMapper (~> 5.0.0)
  - ObjectMapper (~> 3.3.0)
  - SwiftGen (~> 4.0)

SPEC REPOS:
  https://github.com/cocoapods/specs.git:
    - Alamofire
    - AlamofireImage
    - AlamofireNetworkActivityIndicator
    - AlamofireObjectMapper
    - ObjectMapper
    - SwiftGen

SPEC CHECKSUMS:
  Alamofire: c7287b6e5d7da964a70935e5db17046b7fde6568
  AlamofireImage: 78d67ccbb763d87ba44b21583d2153500a195630
  AlamofireNetworkActivityIndicator: 18346ff6d770d9513d0ac6f2d99706f40f93dbaa
  AlamofireObjectMapper: 5fafc816351cbbc0d486611aaeba7461c0cbad49
  ObjectMapper: b612bf8c8e99c4dc0bb6013a51f7c27966ed5da9
  SwiftGen: 2ba2a88fc6130b96e38e2baa0029e4bd222ffd85

PODFILE CHECKSUM: c617e4a19b584e37441b9b5a8c8d615c0270e13e

COCOAPODS: 1.5.3
